{
  "pins" : [
    {
      "identity" : "ios-appstack-sdk",
      "kind" : "remoteSourceControl",
      "location" : "https://github.com/appstack-tech/ios-appstack-sdk.git",
      "state" : {
        "revision" : "6f5622ab7edf78845dd567cb42203b621cb8416a",
        "version" : "4.4.0"
      }
    }
  ],
  "version" : 2
}
