{
  "pins" : [
    {
      "identity" : "ios-appstack-sdk",
      "kind" : "remoteSourceControl",
      "location" : "https://github.com/appstack-tech/ios-appstack-sdk.git",
      "state" : {
        "revision" : "2f065113a9e35ee7e6d82b83417b23160aa92708",
        "version" : "4.6.0"
      }
    }
  ],
  "version" : 2
}
